
Microsoft Visual Studio Solution File, Format Version 12.00
# Visual Studio Version 17
VisualStudioVersion = 17.5.2.0
MinimumVisualStudioVersion = 10.0.40219.1
Project("{FAE04EC0-301F-11D3-BF4B-00C04F79EFBC}") = "AuthApi", "AuthApi\AuthApi.csproj", "{CC3C3F62-DD44-8AAA-D9A5-136649C4F0EB}"
EndProject
Project("{FAE04EC0-301F-11D3-BF4B-00C04F79EFBC}") = "AuthApi.Tests", "AuthApi.Tests\AuthApi.Tests.csproj", "{C2D570C5-5044-453E-A911-928B28094A44}"
EndProject
Global
	GlobalSection(SolutionConfigurationPlatforms) = preSolution
		Debug|Any CPU = Debug|Any CPU
		Debug|x64 = Debug|x64
		Debug|x86 = Debug|x86
		Release|Any CPU = Release|Any CPU
		Release|x64 = Release|x64
		Release|x86 = Release|x86
	EndGlobalSection
	GlobalSection(ProjectConfigurationPlatforms) = postSolution
		{CC3C3F62-DD44-8AAA-D9A5-136649C4F0EB}.Debug|Any CPU.ActiveCfg = Debug|Any CPU
		{CC3C3F62-DD44-8AAA-D9A5-136649C4F0EB}.Debug|Any CPU.Build.0 = Debug|Any CPU
		{CC3C3F62-DD44-8AAA-D9A5-136649C4F0EB}.Debug|x64.ActiveCfg = Debug|Any CPU
		{CC3C3F62-DD44-8AAA-D9A5-136649C4F0EB}.Debug|x64.Build.0 = Debug|Any CPU
		{CC3C3F62-DD44-8AAA-D9A5-136649C4F0EB}.Debug|x86.ActiveCfg = Debug|Any CPU
		{CC3C3F62-DD44-8AAA-D9A5-136649C4F0EB}.Debug|x86.Build.0 = Debug|Any CPU
		{CC3C3F62-DD44-8AAA-D9A5-136649C4F0EB}.Release|Any CPU.ActiveCfg = Release|Any CPU
		{CC3C3F62-DD44-8AAA-D9A5-136649C4F0EB}.Release|Any CPU.Build.0 = Release|Any CPU
		{CC3C3F62-DD44-8AAA-D9A5-136649C4F0EB}.Release|x64.ActiveCfg = Release|Any CPU
		{CC3C3F62-DD44-8AAA-D9A5-136649C4F0EB}.Release|x64.Build.0 = Release|Any CPU
		{CC3C3F62-DD44-8AAA-D9A5-136649C4F0EB}.Release|x86.ActiveCfg = Release|Any CPU
		{CC3C3F62-DD44-8AAA-D9A5-136649C4F0EB}.Release|x86.Build.0 = Release|Any CPU
		{C2D570C5-5044-453E-A911-928B28094A44}.Debug|Any CPU.ActiveCfg = Debug|Any CPU
		{C2D570C5-5044-453E-A911-928B28094A44}.Debug|Any CPU.Build.0 = Debug|Any CPU
		{C2D570C5-5044-453E-A911-928B28094A44}.Debug|x64.ActiveCfg = Debug|Any CPU
		{C2D570C5-5044-453E-A911-928B28094A44}.Debug|x64.Build.0 = Debug|Any CPU
		{C2D570C5-5044-453E-A911-928B28094A44}.Debug|x86.ActiveCfg = Debug|Any CPU
		{C2D570C5-5044-453E-A911-928B28094A44}.Debug|x86.Build.0 = Debug|Any CPU
		{C2D570C5-5044-453E-A911-928B28094A44}.Release|Any CPU.ActiveCfg = Release|Any CPU
		{C2D570C5-5044-453E-A911-928B28094A44}.Release|Any CPU.Build.0 = Release|Any CPU
		{C2D570C5-5044-453E-A911-928B28094A44}.Release|x64.ActiveCfg = Release|Any CPU
		{C2D570C5-5044-453E-A911-928B28094A44}.Release|x64.Build.0 = Release|Any CPU
		{C2D570C5-5044-453E-A911-928B28094A44}.Release|x86.ActiveCfg = Release|Any CPU
		{C2D570C5-5044-453E-A911-928B28094A44}.Release|x86.Build.0 = Release|Any CPU
	EndGlobalSection
	GlobalSection(SolutionProperties) = preSolution
		HideSolutionNode = FALSE
	EndGlobalSection
	GlobalSection(ExtensibilityGlobals) = postSolution
		SolutionGuid = {0933DEF7-2150-4ABC-8819-9EC5AAD72A8C}
	EndGlobalSection
EndGlobal
